// !$*UTF8*$!
{
	archiveVersion = 1;
	classes = {
	};
	objectVersion = 56;
	objects = {

/* Begin PBXBuildFile section */
		564434D029BD5A3300E114A1 /* Enums.swift in Sources */ = {isa = PBXBuildFile; fileRef = 564434CF29BD5A3300E114A1 /* Enums.swift */; };
		564434D129BD5A3300E114A1 /* Constants.swift in Sources */ = {isa = PBXBuildFile; fileRef = 564434CE29BD5A3300E114A1 /* Constants.swift */; };
		564434D729BD643D00E114A1 /* Info.swift in Sources */ = {isa = PBXBuildFile; fileRef = 564434D629BD643D00E114A1 /* Info.swift */; };
		564434D929BD646B00E114A1 /* Result.swift in Sources */ = {isa = PBXBuildFile; fileRef = 564434D829BD646B00E114A1 /* Result.swift */; };
		564434DB29BD64A000E114A1 /* Location.swift in Sources */ = {isa = PBXBuildFile; fileRef = 564434DA29BD64A000E114A1 /* Location.swift */; };
		5652753729BCB87600F604FD /* AppDelegate.swift in Sources */ = {isa = PBXBuildFile; fileRef = 5652753629BCB87600F604FD /* AppDelegate.swift */; };
		5652754029BCB87700F604FD /* Assets.xcassets in Resources */ = {isa = PBXBuildFile; fileRef = 5652753F29BCB87700F604FD /* Assets.xcassets */; };
		5652754329BCB87700F604FD /* LaunchScreen.storyboard in Resources */ = {isa = PBXBuildFile; fileRef = 5652754129BCB87700F604FD /* LaunchScreen.storyboard */; };
		5660FEB929BCC155000F4DFA /* Extensions.swift in Sources */ = {isa = PBXBuildFile; fileRef = 5660FEB829BCC155000F4DFA /* Extensions.swift */; };
		5660FEBD29BCC1CE000F4DFA /* Home.storyboard in Resources */ = {isa = PBXBuildFile; fileRef = 5660FEBC29BCC1CE000F4DFA /* Home.storyboard */; };
		5660FEBF29BCC1EF000F4DFA /* HomeViewController.swift in Sources */ = {isa = PBXBuildFile; fileRef = 5660FEBE29BCC1EF000F4DFA /* HomeViewController.swift */; };
		5660FEC129BCC200000F4DFA /* HomePresenter.swift in Sources */ = {isa = PBXBuildFile; fileRef = 5660FEC029BCC200000F4DFA /* HomePresenter.swift */; };
		5660FEC329BCC212000F4DFA /* HomeManager.swift in Sources */ = {isa = PBXBuildFile; fileRef = 5660FEC229BCC212000F4DFA /* HomeManager.swift */; };
		5660FEC529BCC220000F4DFA /* HomeRouter.swift in Sources */ = {isa = PBXBuildFile; fileRef = 5660FEC429BCC220000F4DFA /* HomeRouter.swift */; };
		5660FEC829BCC50A000F4DFA /* Details.storyboard in Resources */ = {isa = PBXBuildFile; fileRef = 5660FEC729BCC50A000F4DFA /* Details.storyboard */; };
		5660FECA29BCC571000F4DFA /* DetailsViewController.swift in Sources */ = {isa = PBXBuildFile; fileRef = 5660FEC929BCC571000F4DFA /* DetailsViewController.swift */; };
		5660FECC29BCC589000F4DFA /* DetailsPresenter.swift in Sources */ = {isa = PBXBuildFile; fileRef = 5660FECB29BCC589000F4DFA /* DetailsPresenter.swift */; };
		5660FECE29BCC5FF000F4DFA /* DetailsManager.swift in Sources */ = {isa = PBXBuildFile; fileRef = 5660FECD29BCC5FF000F4DFA /* DetailsManager.swift */; };
		5660FED029BCC615000F4DFA /* DetailsRouter.swift in Sources */ = {isa = PBXBuildFile; fileRef = 5660FECF29BCC615000F4DFA /* DetailsRouter.swift */; };
		56BF0AE429BCE8C100C48AA9 /* CharacterCell.swift in Sources */ = {isa = PBXBuildFile; fileRef = 56BF0AE229BCE8C100C48AA9 /* CharacterCell.swift */; };
		56BF0AE529BCE8C100C48AA9 /* CharacterCell.xib in Resources */ = {isa = PBXBuildFile; fileRef = 56BF0AE329BCE8C100C48AA9 /* CharacterCell.xib */; };
		56BF0AE829BCECCE00C48AA9 /* Character.swift in Sources */ = {isa = PBXBuildFile; fileRef = 56BF0AE729BCECCE00C48AA9 /* Character.swift */; };
/* End PBXBuildFile section */

/* Begin PBXFileReference section */
		564434CE29BD5A3300E114A1 /* Constants.swift */ = {isa = PBXFileReference; lastKnownFileType = sourcecode.swift; path = Constants.swift; sourceTree = "<group>"; };
		564434CF29BD5A3300E114A1 /* Enums.swift */ = {isa = PBXFileReference; lastKnownFileType = sourcecode.swift; path = Enums.swift; sourceTree = "<group>"; };
		564434D629BD643D00E114A1 /* Info.swift */ = {isa = PBXFileReference; lastKnownFileType = sourcecode.swift; path = Info.swift; sourceTree = "<group>"; };
		564434D829BD646B00E114A1 /* Result.swift */ = {isa = PBXFileReference; lastKnownFileType = sourcecode.swift; path = Result.swift; sourceTree = "<group>"; };
		564434DA29BD64A000E114A1 /* Location.swift */ = {isa = PBXFileReference; lastKnownFileType = sourcecode.swift; path = Location.swift; sourceTree = "<group>"; };
		5652753329BCB87600F604FD /* RickAndMortyApp.app */ = {isa = PBXFileReference; explicitFileType = wrapper.application; includeInIndex = 0; path = RickAndMortyApp.app; sourceTree = BUILT_PRODUCTS_DIR; };
		5652753629BCB87600F604FD /* AppDelegate.swift */ = {isa = PBXFileReference; lastKnownFileType = sourcecode.swift; path = AppDelegate.swift; sourceTree = "<group>"; };
		5652753F29BCB87700F604FD /* Assets.xcassets */ = {isa = PBXFileReference; lastKnownFileType = folder.assetcatalog; path = Assets.xcassets; sourceTree = "<group>"; };
		5652754229BCB87700F604FD /* Base */ = {isa = PBXFileReference; lastKnownFileType = file.storyboard; name = Base; path = Base.lproj/LaunchScreen.storyboard; sourceTree = "<group>"; };
		5652754429BCB87700F604FD /* Info.plist */ = {isa = PBXFileReference; lastKnownFileType = text.plist.xml; path = Info.plist; sourceTree = "<group>"; };
		5660FEB829BCC155000F4DFA /* Extensions.swift */ = {isa = PBXFileReference; lastKnownFileType = sourcecode.swift; path = Extensions.swift; sourceTree = "<group>"; };
		5660FEBC29BCC1CE000F4DFA /* Home.storyboard */ = {isa = PBXFileReference; lastKnownFileType = file.storyboard; path = Home.storyboard; sourceTree = "<group>"; };
		5660FEBE29BCC1EF000F4DFA /* HomeViewController.swift */ = {isa = PBXFileReference; lastKnownFileType = sourcecode.swift; path = HomeViewController.swift; sourceTree = "<group>"; };
		5660FEC029BCC200000F4DFA /* HomePresenter.swift */ = {isa = PBXFileReference; lastKnownFileType = sourcecode.swift; path = HomePresenter.swift; sourceTree = "<group>"; };
		5660FEC229BCC212000F4DFA /* HomeManager.swift */ = {isa = PBXFileReference; lastKnownFileType = sourcecode.swift; path = HomeManager.swift; sourceTree = "<group>"; };
		5660FEC429BCC220000F4DFA /* HomeRouter.swift */ = {isa = PBXFileReference; lastKnownFileType = sourcecode.swift; path = HomeRouter.swift; sourceTree = "<group>"; };
		5660FEC729BCC50A000F4DFA /* Details.storyboard */ = {isa = PBXFileReference; lastKnownFileType = file.storyboard; path = Details.storyboard; sourceTree = "<group>"; };
		5660FEC929BCC571000F4DFA /* DetailsViewController.swift */ = {isa = PBXFileReference; lastKnownFileType = sourcecode.swift; path = DetailsViewController.swift; sourceTree = "<group>"; };
		5660FECB29BCC589000F4DFA /* DetailsPresenter.swift */ = {isa = PBXFileReference; lastKnownFileType = sourcecode.swift; path = DetailsPresenter.swift; sourceTree = "<group>"; };
		5660FECD29BCC5FF000F4DFA /* DetailsManager.swift */ = {isa = PBXFileReference; lastKnownFileType = sourcecode.swift; path = DetailsManager.swift; sourceTree = "<group>"; };
		5660FECF29BCC615000F4DFA /* DetailsRouter.swift */ = {isa = PBXFileReference; lastKnownFileType = sourcecode.swift; path = DetailsRouter.swift; sourceTree = "<group>"; };
		56BF0AE229BCE8C100C48AA9 /* CharacterCell.swift */ = {isa = PBXFileReference; lastKnownFileType = sourcecode.swift; path = CharacterCell.swift; sourceTree = "<group>"; };
		56BF0AE329BCE8C100C48AA9 /* CharacterCell.xib */ = {isa = PBXFileReference; lastKnownFileType = file.xib; path = CharacterCell.xib; sourceTree = "<group>"; };
		56BF0AE729BCECCE00C48AA9 /* Character.swift */ = {isa = PBXFileReference; lastKnownFileType = sourcecode.swift; path = Character.swift; sourceTree = "<group>"; };
/* End PBXFileReference section */

/* Begin PBXFrameworksBuildPhase section */
		5652753029BCB87600F604FD /* Frameworks */ = {
			isa = PBXFrameworksBuildPhase;
			buildActionMask = 2147483647;
			files = (
			);
			runOnlyForDeploymentPostprocessing = 0;
		};
/* End PBXFrameworksBuildPhase section */

/* Begin PBXGroup section */
		5652752A29BCB87600F604FD = {
			isa = PBXGroup;
			children = (
				5652753529BCB87600F604FD /* RickAndMortyApp */,
				5652753429BCB87600F604FD /* Products */,
			);
			sourceTree = "<group>";
		};
		5652753429BCB87600F604FD /* Products */ = {
			isa = PBXGroup;
			children = (
				5652753329BCB87600F604FD /* RickAndMortyApp.app */,
			);
			name = Products;
			sourceTree = "<group>";
		};
		5652753529BCB87600F604FD /* RickAndMortyApp */ = {
			isa = PBXGroup;
			children = (
				56BF0AE629BCECB800C48AA9 /* Models */,
				5660FEB729BCC0D1000F4DFA /* Common */,
				5660FEBA29BCC199000F4DFA /* Modules */,
				5652753629BCB87600F604FD /* AppDelegate.swift */,
				5652753F29BCB87700F604FD /* Assets.xcassets */,
				5652754129BCB87700F604FD /* LaunchScreen.storyboard */,
				5652754429BCB87700F604FD /* Info.plist */,
			);
			path = RickAndMortyApp;
			sourceTree = "<group>";
		};
		5660FEB729BCC0D1000F4DFA /* Common */ = {
			isa = PBXGroup;
			children = (
				564434CE29BD5A3300E114A1 /* Constants.swift */,
				564434CF29BD5A3300E114A1 /* Enums.swift */,
				5660FEB829BCC155000F4DFA /* Extensions.swift */,
			);
			path = Common;
			sourceTree = "<group>";
		};
		5660FEBA29BCC199000F4DFA /* Modules */ = {
			isa = PBXGroup;
			children = (
				5660FEC629BCC4DB000F4DFA /* Details */,
				5660FEBB29BCC1B7000F4DFA /* Home */,
			);
			path = Modules;
			sourceTree = "<group>";
		};
		5660FEBB29BCC1B7000F4DFA /* Home */ = {
			isa = PBXGroup;
			children = (
				56BF0AE129BCE82400C48AA9 /* CollectionViewCell */,
				5660FEBC29BCC1CE000F4DFA /* Home.storyboard */,
				5660FEBE29BCC1EF000F4DFA /* HomeViewController.swift */,
				5660FEC029BCC200000F4DFA /* HomePresenter.swift */,
				5660FEC229BCC212000F4DFA /* HomeManager.swift */,
				5660FEC429BCC220000F4DFA /* HomeRouter.swift */,
			);
			path = Home;
			sourceTree = "<group>";
		};
		5660FEC629BCC4DB000F4DFA /* Details */ = {
			isa = PBXGroup;
			children = (
				5660FEC729BCC50A000F4DFA /* Details.storyboard */,
				5660FEC929BCC571000F4DFA /* DetailsViewController.swift */,
				5660FECB29BCC589000F4DFA /* DetailsPresenter.swift */,
				5660FECD29BCC5FF000F4DFA /* DetailsManager.swift */,
				5660FECF29BCC615000F4DFA /* DetailsRouter.swift */,
			);
			path = Details;
			sourceTree = "<group>";
		};
		56BF0AE129BCE82400C48AA9 /* CollectionViewCell */ = {
			isa = PBXGroup;
			children = (
				56BF0AE229BCE8C100C48AA9 /* CharacterCell.swift */,
				56BF0AE329BCE8C100C48AA9 /* CharacterCell.xib */,
			);
			path = CollectionViewCell;
			sourceTree = "<group>";
		};
		56BF0AE629BCECB800C48AA9 /* Models */ = {
			isa = PBXGroup;
			children = (
				56BF0AE729BCECCE00C48AA9 /* Character.swift */,
				564434D629BD643D00E114A1 /* Info.swift */,
				564434D829BD646B00E114A1 /* Result.swift */,
				564434DA29BD64A000E114A1 /* Location.swift */,
			);
			path = Models;
			sourceTree = "<group>";
		};
/* End PBXGroup section */

/* Begin PBXNativeTarget section */
		5652753229BCB87600F604FD /* RickAndMortyApp */ = {
			isa = PBXNativeTarget;
			buildConfigurationList = 5652754729BCB87700F604FD /* Build configuration list for PBXNativeTarget "RickAndMortyApp" */;
			buildPhases = (
				5652752F29BCB87600F604FD /* Sources */,
				5652753029BCB87600F604FD /* Frameworks */,
				5652753129BCB87600F604FD /* Resources */,
			);
			buildRules = (
			);
			dependencies = (
			);
			name = RickAndMortyApp;
			productName = RickAndMortyApp;
			productReference = 5652753329BCB87600F604FD /* RickAndMortyApp.app */;
			productType = "com.apple.product-type.application";
		};
/* End PBXNativeTarget section */

/* Begin PBXProject section */
		5652752B29BCB87600F604FD /* Project object */ = {
			isa = PBXProject;
			attributes = {
				BuildIndependentTargetsInParallel = 1;
				LastSwiftUpdateCheck = 1420;
				LastUpgradeCheck = 1420;
				TargetAttributes = {
					5652753229BCB87600F604FD = {
						CreatedOnToolsVersion = 14.2;
					};
				};
			};
			buildConfigurationList = 5652752E29BCB87600F604FD /* Build configuration list for PBXProject "RickAndMortyApp" */;
			compatibilityVersion = "Xcode 14.0";
			developmentRegion = en;
			hasScannedForEncodings = 0;
			knownRegions = (
				en,
				Base,
			);
			mainGroup = 5652752A29BCB87600F604FD;
			productRefGroup = 5652753429BCB87600F604FD /* Products */;
			projectDirPath = "";
			projectRoot = "";
			targets = (
				5652753229BCB87600F604FD /* RickAndMortyApp */,
			);
		};
/* End PBXProject section */

/* Begin PBXResourcesBuildPhase section */
		5652753129BCB87600F604FD /* Resources */ = {
			isa = PBXResourcesBuildPhase;
			buildActionMask = 2147483647;
			files = (
				5660FEBD29BCC1CE000F4DFA /* Home.storyboard in Resources */,
				5652754329BCB87700F604FD /* LaunchScreen.storyboard in Resources */,
				56BF0AE529BCE8C100C48AA9 /* CharacterCell.xib in Resources */,
				5660FEC829BCC50A000F4DFA /* Details.storyboard in Resources */,
				5652754029BCB87700F604FD /* Assets.xcassets in Resources */,
			);
			runOnlyForDeploymentPostprocessing = 0;
		};
/* End PBXResourcesBuildPhase section */

/* Begin PBXSourcesBuildPhase section */
		5652752F29BCB87600F604FD /* Sources */ = {
			isa = PBXSourcesBuildPhase;
			buildActionMask = 2147483647;
			files = (
				564434D929BD646B00E114A1 /* Result.swift in Sources */,
				5652753729BCB87600F604FD /* AppDelegate.swift in Sources */,
				5660FEC529BCC220000F4DFA /* HomeRouter.swift in Sources */,
				5660FEC329BCC212000F4DFA /* HomeManager.swift in Sources */,
				56BF0AE829BCECCE00C48AA9 /* Character.swift in Sources */,
				5660FED029BCC615000F4DFA /* DetailsRouter.swift in Sources */,
				56BF0AE429BCE8C100C48AA9 /* CharacterCell.swift in Sources */,
				5660FEB929BCC155000F4DFA /* Extensions.swift in Sources */,
				564434D029BD5A3300E114A1 /* Enums.swift in Sources */,
				5660FECA29BCC571000F4DFA /* DetailsViewController.swift in Sources */,
				5660FEBF29BCC1EF000F4DFA /* HomeViewController.swift in Sources */,
				5660FECE29BCC5FF000F4DFA /* DetailsManager.swift in Sources */,
				564434DB29BD64A000E114A1 /* Location.swift in Sources */,
				564434D129BD5A3300E114A1 /* Constants.swift in Sources */,
				5660FECC29BCC589000F4DFA /* DetailsPresenter.swift in Sources */,
				5660FEC129BCC200000F4DFA /* HomePresenter.swift in Sources */,
				564434D729BD643D00E114A1 /* Info.swift in Sources */,
			);
			runOnlyForDeploymentPostprocessing = 0;
		};
/* End PBXSourcesBuildPhase section */

/* Begin PBXVariantGroup section */
		5652754129BCB87700F604FD /* LaunchScreen.storyboard */ = {
			isa = PBXVariantGroup;
			children = (
				5652754229BCB87700F604FD /* Base */,
			);
			name = LaunchScreen.storyboard;
			sourceTree = "<group>";
		};
/* End PBXVariantGroup section */

/* Begin XCBuildConfiguration section */
		5652754529BCB87700F604FD /* Debug */ = {
			isa = XCBuildConfiguration;
			buildSettings = {
				ALWAYS_SEARCH_USER_PATHS = NO;
				CLANG_ANALYZER_NONNULL = YES;
				CLANG_ANALYZER_NUMBER_OBJECT_CONVERSION = YES_AGGRESSIVE;
				CLANG_CXX_LANGUAGE_STANDARD = "gnu++20";
				CLANG_ENABLE_MODULES = YES;
				CLANG_ENABLE_OBJC_ARC = YES;
				CLANG_ENABLE_OBJC_WEAK = YES;
				CLANG_WARN_BLOCK_CAPTURE_AUTORELEASING = YES;
				CLANG_WARN_BOOL_CONVERSION = YES;
				CLANG_WARN_COMMA = YES;
				CLANG_WARN_CONSTANT_CONVERSION = YES;
				CLANG_WARN_DEPRECATED_OBJC_IMPLEMENTATIONS = YES;
				CLANG_WARN_DIRECT_OBJC_ISA_USAGE = YES_ERROR;
				CLANG_WARN_DOCUMENTATION_COMMENTS = YES;
				CLANG_WARN_EMPTY_BODY = YES;
				CLANG_WARN_ENUM_CONVERSION = YES;
				CLANG_WARN_INFINITE_RECURSION = YES;
				CLANG_WARN_INT_CONVERSION = YES;
				CLANG_WARN_NON_LITERAL_NULL_CONVERSION = YES;
				CLANG_WARN_OBJC_IMPLICIT_RETAIN_SELF = YES;
				CLANG_WARN_OBJC_LITERAL_CONVERSION = YES;
				CLANG_WARN_OBJC_ROOT_CLASS = YES_ERROR;
				CLANG_WARN_QUOTED_INCLUDE_IN_FRAMEWORK_HEADER = YES;
				CLANG_WARN_RANGE_LOOP_ANALYSIS = YES;
				CLANG_WARN_STRICT_PROTOTYPES = YES;
				CLANG_WARN_SUSPICIOUS_MOVE = YES;
				CLANG_WARN_UNGUARDED_AVAILABILITY = YES_AGGRESSIVE;
				CLANG_WARN_UNREACHABLE_CODE = YES;
				CLANG_WARN__DUPLICATE_METHOD_MATCH = YES;
				COPY_PHASE_STRIP = NO;
				DEBUG_INFORMATION_FORMAT = dwarf;
				ENABLE_STRICT_OBJC_MSGSEND = YES;
				ENABLE_TESTABILITY = YES;
				GCC_C_LANGUAGE_STANDARD = gnu11;
				GCC_DYNAMIC_NO_PIC = NO;
				GCC_NO_COMMON_BLOCKS = YES;
				GCC_OPTIMIZATION_LEVEL = 0;
				GCC_PREPROCESSOR_DEFINITIONS = (
					"DEBUG=1",
					"$(inherited)",
				);
				GCC_WARN_64_TO_32_BIT_CONVERSION = YES;
				GCC_WARN_ABOUT_RETURN_TYPE = YES_ERROR;
				GCC_WARN_UNDECLARED_SELECTOR = YES;
				GCC_WARN_UNINITIALIZED_AUTOS = YES_AGGRESSIVE;
				GCC_WARN_UNUSED_FUNCTION = YES;
				GCC_WARN_UNUSED_VARIABLE = YES;
				IPHONEOS_DEPLOYMENT_TARGET = 16.2;
				MTL_ENABLE_DEBUG_INFO = INCLUDE_SOURCE;
				MTL_FAST_MATH = YES;
				ONLY_ACTIVE_ARCH = YES;
				SDKROOT = iphoneos;
				SWIFT_ACTIVE_COMPILATION_CONDITIONS = DEBUG;
				SWIFT_OPTIMIZATION_LEVEL = "-Onone";
			};
			name = Debug;
		};
		5652754629BCB87700F604FD /* Release */ = {
			isa = XCBuildConfiguration;
			buildSettings = {
				ALWAYS_SEARCH_USER_PATHS = NO;
				CLANG_ANALYZER_NONNULL = YES;
				CLANG_ANALYZER_NUMBER_OBJECT_CONVERSION = YES_AGGRESSIVE;
				CLANG_CXX_LANGUAGE_STANDARD = "gnu++20";
				CLANG_ENABLE_MODULES = YES;
				CLANG_ENABLE_OBJC_ARC = YES;
				CLANG_ENABLE_OBJC_WEAK = YES;
				CLANG_WARN_BLOCK_CAPTURE_AUTORELEASING = YES;
				CLANG_WARN_BOOL_CONVERSION = YES;
				CLANG_WARN_COMMA = YES;
				CLANG_WARN_CONSTANT_CONVERSION = YES;
				CLANG_WARN_DEPRECATED_OBJC_IMPLEMENTATIONS = YES;
				CLANG_WARN_DIRECT_OBJC_ISA_USAGE = YES_ERROR;
				CLANG_WARN_DOCUMENTATION_COMMENTS = YES;
				CLANG_WARN_EMPTY_BODY = YES;
				CLANG_WARN_ENUM_CONVERSION = YES;
				CLANG_WARN_INFINITE_RECURSION = YES;
				CLANG_WARN_INT_CONVERSION = YES;
				CLANG_WARN_NON_LITERAL_NULL_CONVERSION = YES;
				CLANG_WARN_OBJC_IMPLICIT_RETAIN_SELF = YES;
				CLANG_WARN_OBJC_LITERAL_CONVERSION = YES;
				CLANG_WARN_OBJC_ROOT_CLASS = YES_ERROR;
				CLANG_WARN_QUOTED_INCLUDE_IN_FRAMEWORK_HEADER = YES;
				CLANG_WARN_RANGE_LOOP_ANALYSIS = YES;
				CLANG_WARN_STRICT_PROTOTYPES = YES;
				CLANG_WARN_SUSPICIOUS_MOVE = YES;
				CLANG_WARN_UNGUARDED_AVAILABILITY = YES_AGGRESSIVE;
				CLANG_WARN_UNREACHABLE_CODE = YES;
				CLANG_WARN__DUPLICATE_METHOD_MATCH = YES;
				COPY_PHASE_STRIP = NO;
				DEBUG_INFORMATION_FORMAT = "dwarf-with-dsym";
				ENABLE_NS_ASSERTIONS = NO;
				ENABLE_STRICT_OBJC_MSGSEND = YES;
				GCC_C_LANGUAGE_STANDARD = gnu11;
				GCC_NO_COMMON_BLOCKS = YES;
				GCC_WARN_64_TO_32_BIT_CONVERSION = YES;
				GCC_WARN_ABOUT_RETURN_TYPE = YES_ERROR;
				GCC_WARN_UNDECLARED_SELECTOR = YES;
				GCC_WARN_UNINITIALIZED_AUTOS = YES_AGGRESSIVE;
				GCC_WARN_UNUSED_FUNCTION = YES;
				GCC_WARN_UNUSED_VARIABLE = YES;
				IPHONEOS_DEPLOYMENT_TARGET = 16.2;
				MTL_ENABLE_DEBUG_INFO = NO;
				MTL_FAST_MATH = YES;
				SDKROOT = iphoneos;
				SWIFT_COMPILATION_MODE = wholemodule;
				SWIFT_OPTIMIZATION_LEVEL = "-O";
				VALIDATE_PRODUCT = YES;
			};
			name = Release;
		};
		5652754829BCB87700F604FD /* Debug */ = {
			isa = XCBuildConfiguration;
			buildSettings = {
				ASSETCATALOG_COMPILER_APPICON_NAME = AppIcon;
				ASSETCATALOG_COMPILER_GLOBAL_ACCENT_COLOR_NAME = AccentColor;
				CODE_SIGN_STYLE = Automatic;
				CURRENT_PROJECT_VERSION = 1;
				DEVELOPMENT_TEAM = PZ37P64H52;
				GENERATE_INFOPLIST_FILE = YES;
				INFOPLIST_FILE = RickAndMortyApp/Info.plist;
				INFOPLIST_KEY_UIApplicationSupportsIndirectInputEvents = YES;
				INFOPLIST_KEY_UILaunchStoryboardName = LaunchScreen;
				INFOPLIST_KEY_UISupportedInterfaceOrientations_iPad = "UIInterfaceOrientationPortrait UIInterfaceOrientationPortraitUpsideDown UIInterfaceOrientationLandscapeLeft UIInterfaceOrientationLandscapeRight";
				INFOPLIST_KEY_UISupportedInterfaceOrientations_iPhone = "UIInterfaceOrientationPortrait UIInterfaceOrientationLandscapeLeft UIInterfaceOrientationLandscapeRight";
				IPHONEOS_DEPLOYMENT_TARGET = 15.0;
				LD_RUNPATH_SEARCH_PATHS = (
					"$(inherited)",
					"@executable_path/Frameworks",
				);
				MARKETING_VERSION = 1.0;
				PRODUCT_BUNDLE_IDENTIFIER = br.com.glaubergustavo.RickAndMortyApp;
				PRODUCT_NAME = "$(TARGET_NAME)";
				SWIFT_EMIT_LOC_STRINGS = YES;
				SWIFT_VERSION = 5.0;
				TARGETED_DEVICE_FAMILY = "1,2";
			};
			name = Debug;
		};
		5652754929BCB87700F604FD /* Release */ = {
			isa = XCBuildConfiguration;
			buildSettings = {
				ASSETCATALOG_COMPILER_APPICON_NAME = AppIcon;
				ASSETCATALOG_COMPILER_GLOBAL_ACCENT_COLOR_NAME = AccentColor;
				CODE_SIGN_STYLE = Automatic;
				CURRENT_PROJECT_VERSION = 1;
				DEVELOPMENT_TEAM = PZ37P64H52;
				GENERATE_INFOPLIST_FILE = YES;
				INFOPLIST_FILE = RickAndMortyApp/Info.plist;
				INFOPLIST_KEY_UIApplicationSupportsIndirectInputEvents = YES;
				INFOPLIST_KEY_UILaunchStoryboardName = LaunchScreen;
				INFOPLIST_KEY_UISupportedInterfaceOrientations_iPad = "UIInterfaceOrientationPortrait UIInterfaceOrientationPortraitUpsideDown UIInterfaceOrientationLandscapeLeft UIInterfaceOrientationLandscapeRight";
				INFOPLIST_KEY_UISupportedInterfaceOrientations_iPhone = "UIInterfaceOrientationPortrait UIInterfaceOrientationLandscapeLeft UIInterfaceOrientationLandscapeRight";
				IPHONEOS_DEPLOYMENT_TARGET = 15.0;
				LD_RUNPATH_SEARCH_PATHS = (
					"$(inherited)",
					"@executable_path/Frameworks",
				);
				MARKETING_VERSION = 1.0;
				PRODUCT_BUNDLE_IDENTIFIER = br.com.glaubergustavo.RickAndMortyApp;
				PRODUCT_NAME = "$(TARGET_NAME)";
				SWIFT_EMIT_LOC_STRINGS = YES;
				SWIFT_VERSION = 5.0;
				TARGETED_DEVICE_FAMILY = "1,2";
			};
			name = Release;
		};
/* End XCBuildConfiguration section */

/* Begin XCConfigurationList section */
		5652752E29BCB87600F604FD /* Build configuration list for PBXProject "RickAndMortyApp" */ = {
			isa = XCConfigurationList;
			buildConfigurations = (
				5652754529BCB87700F604FD /* Debug */,
				5652754629BCB87700F604FD /* Release */,
			);
			defaultConfigurationIsVisible = 0;
			defaultConfigurationName = Release;
		};
		5652754729BCB87700F604FD /* Build configuration list for PBXNativeTarget "RickAndMortyApp" */ = {
			isa = XCConfigurationList;
			buildConfigurations = (
				5652754829BCB87700F604FD /* Debug */,
				5652754929BCB87700F604FD /* Release */,
			);
			defaultConfigurationIsVisible = 0;
			defaultConfigurationName = Release;
		};
/* End XCConfigurationList section */
	};
	rootObject = 5652752B29BCB87600F604FD /* Project object */;
}
